
Microsoft Visual Studio Solution File, Format Version 12.00
Project("{FAE04EC0-301F-11D3-BF4B-00C04F79EFBC}") = "ConsoleApp13.2", "ConsoleApp13.2.csproj", "{54196C56-67EF-4235-8BCE-FAC51A912EED}"
EndProject
Global
	GlobalSection(SolutionConfigurationPlatforms) = preSolution
		Debug|Any CPU = Debug|Any CPU
		Release|Any CPU = Release|Any CPU
	EndGlobalSection
	GlobalSection(ProjectConfigurationPlatforms) = postSolution
		{54196C56-67EF-4235-8BCE-FAC51A912EED}.Debug|Any CPU.ActiveCfg = Debug|Any CPU
		{54196C56-67EF-4235-8BCE-FAC51A912EED}.Debug|Any CPU.Build.0 = Debug|Any CPU
		{54196C56-67EF-4235-8BCE-FAC51A912EED}.Release|Any CPU.ActiveCfg = Release|Any CPU
		{54196C56-67EF-4235-8BCE-FAC51A912EED}.Release|Any CPU.Build.0 = Release|Any CPU
	EndGlobalSection
EndGlobal
